
Microsoft Visual Studio Solution File, Format Version 12.00
# Visual Studio 15
VisualStudioVersion = 15.0.27130.2020
MinimumVisualStudioVersion = 10.0.40219.1
Project("{FAE04EC0-301F-11D3-BF4B-00C04F79EFBC}") = "HelloAspNetCore", "HelloAspNetCore\HelloAspNetCore.csproj", "{4728597A-FDFE-4DD1-9C16-8DAE4FC25250}"
EndProject
Global
	GlobalSection(SolutionConfigurationPlatforms) = preSolution
		Debug|Any CPU = Debug|Any CPU
		Release|Any CPU = Release|Any CPU
	EndGlobalSection
	GlobalSection(ProjectConfigurationPlatforms) = postSolution
		{4728597A-FDFE-4DD1-9C16-8DAE4FC25250}.Debug|Any CPU.ActiveCfg = Debug|Any CPU
		{4728597A-FDFE-4DD1-9C16-8DAE4FC25250}.Debug|Any CPU.Build.0 = Debug|Any CPU
		{4728597A-FDFE-4DD1-9C16-8DAE4FC25250}.Release|Any CPU.ActiveCfg = Release|Any CPU
		{4728597A-FDFE-4DD1-9C16-8DAE4FC25250}.Release|Any CPU.Build.0 = Release|Any CPU
	EndGlobalSection
	GlobalSection(SolutionProperties) = preSolution
		HideSolutionNode = FALSE
	EndGlobalSection
	GlobalSection(ExtensibilityGlobals) = postSolution
		SolutionGuid = {1700A2F9-5D9C-4012-A68B-ACE802A6B292}
	EndGlobalSection
EndGlobal
