
Microsoft Visual Studio Solution File, Format Version 12.00
# Visual Studio 15
VisualStudioVersion = 15.0.27130.2020
MinimumVisualStudioVersion = 10.0.40219.1
Project("{2150E333-8FDC-42A3-9474-1A3956D46DE8}") = "src", "src", "{F85CB222-0116-48E8-97DB-12FF5CBB652A}"
EndProject
Project("{2150E333-8FDC-42A3-9474-1A3956D46DE8}") = "Solution Items", "Solution Items", "{5982F7CF-FE1B-47A2-975F-5E430635D021}"
EndProject
Project("{9A19103F-16F7-4668-BE54-9A1E7A4F7556}") = "APIWin10CRUDExample", "src\APIWin10CRUDExample\APIWin10CRUDExample.csproj", "{6A883FEA-FDF6-4EF7-B2DB-0668D95F33BB}"
EndProject
Project("{FAE04EC0-301F-11D3-BF4B-00C04F79EFBC}") = "Win10WebAPIClient", "..\Win10WebAPIClient\Win10WebAPIClient\Win10WebAPIClient.csproj", "{3ACAC595-2BED-49E7-989A-DB34CD04B8CB}"
EndProject
Global
	GlobalSection(SolutionConfigurationPlatforms) = preSolution
		Debug|Any CPU = Debug|Any CPU
		Debug|ARM = Debug|ARM
		Debug|x64 = Debug|x64
		Debug|x86 = Debug|x86
		Release|Any CPU = Release|Any CPU
		Release|ARM = Release|ARM
		Release|x64 = Release|x64
		Release|x86 = Release|x86
	EndGlobalSection
	GlobalSection(ProjectConfigurationPlatforms) = postSolution
		{6A883FEA-FDF6-4EF7-B2DB-0668D95F33BB}.Debug|Any CPU.ActiveCfg = Debug|Any CPU
		{6A883FEA-FDF6-4EF7-B2DB-0668D95F33BB}.Debug|Any CPU.Build.0 = Debug|Any CPU
		{6A883FEA-FDF6-4EF7-B2DB-0668D95F33BB}.Debug|ARM.ActiveCfg = Debug|Any CPU
		{6A883FEA-FDF6-4EF7-B2DB-0668D95F33BB}.Debug|ARM.Build.0 = Debug|Any CPU
		{6A883FEA-FDF6-4EF7-B2DB-0668D95F33BB}.Debug|x64.ActiveCfg = Debug|Any CPU
		{6A883FEA-FDF6-4EF7-B2DB-0668D95F33BB}.Debug|x64.Build.0 = Debug|Any CPU
		{6A883FEA-FDF6-4EF7-B2DB-0668D95F33BB}.Debug|x86.ActiveCfg = Debug|Any CPU
		{6A883FEA-FDF6-4EF7-B2DB-0668D95F33BB}.Debug|x86.Build.0 = Debug|Any CPU
		{6A883FEA-FDF6-4EF7-B2DB-0668D95F33BB}.Release|Any CPU.ActiveCfg = Release|Any CPU
		{6A883FEA-FDF6-4EF7-B2DB-0668D95F33BB}.Release|Any CPU.Build.0 = Release|Any CPU
		{6A883FEA-FDF6-4EF7-B2DB-0668D95F33BB}.Release|ARM.ActiveCfg = Release|Any CPU
		{6A883FEA-FDF6-4EF7-B2DB-0668D95F33BB}.Release|ARM.Build.0 = Release|Any CPU
		{6A883FEA-FDF6-4EF7-B2DB-0668D95F33BB}.Release|x64.ActiveCfg = Release|Any CPU
		{6A883FEA-FDF6-4EF7-B2DB-0668D95F33BB}.Release|x64.Build.0 = Release|Any CPU
		{6A883FEA-FDF6-4EF7-B2DB-0668D95F33BB}.Release|x86.ActiveCfg = Release|Any CPU
		{6A883FEA-FDF6-4EF7-B2DB-0668D95F33BB}.Release|x86.Build.0 = Release|Any CPU
		{3ACAC595-2BED-49E7-989A-DB34CD04B8CB}.Debug|Any CPU.ActiveCfg = Debug|x86
		{3ACAC595-2BED-49E7-989A-DB34CD04B8CB}.Debug|ARM.ActiveCfg = Debug|ARM
		{3ACAC595-2BED-49E7-989A-DB34CD04B8CB}.Debug|ARM.Build.0 = Debug|ARM
		{3ACAC595-2BED-49E7-989A-DB34CD04B8CB}.Debug|ARM.Deploy.0 = Debug|ARM
		{3ACAC595-2BED-49E7-989A-DB34CD04B8CB}.Debug|x64.ActiveCfg = Debug|x64
		{3ACAC595-2BED-49E7-989A-DB34CD04B8CB}.Debug|x64.Build.0 = Debug|x64
		{3ACAC595-2BED-49E7-989A-DB34CD04B8CB}.Debug|x64.Deploy.0 = Debug|x64
		{3ACAC595-2BED-49E7-989A-DB34CD04B8CB}.Debug|x86.ActiveCfg = Debug|x86
		{3ACAC595-2BED-49E7-989A-DB34CD04B8CB}.Debug|x86.Build.0 = Debug|x86
		{3ACAC595-2BED-49E7-989A-DB34CD04B8CB}.Debug|x86.Deploy.0 = Debug|x86
		{3ACAC595-2BED-49E7-989A-DB34CD04B8CB}.Release|Any CPU.ActiveCfg = Release|x86
		{3ACAC595-2BED-49E7-989A-DB34CD04B8CB}.Release|ARM.ActiveCfg = Release|ARM
		{3ACAC595-2BED-49E7-989A-DB34CD04B8CB}.Release|ARM.Build.0 = Release|ARM
		{3ACAC595-2BED-49E7-989A-DB34CD04B8CB}.Release|ARM.Deploy.0 = Release|ARM
		{3ACAC595-2BED-49E7-989A-DB34CD04B8CB}.Release|x64.ActiveCfg = Release|x64
		{3ACAC595-2BED-49E7-989A-DB34CD04B8CB}.Release|x64.Build.0 = Release|x64
		{3ACAC595-2BED-49E7-989A-DB34CD04B8CB}.Release|x64.Deploy.0 = Release|x64
		{3ACAC595-2BED-49E7-989A-DB34CD04B8CB}.Release|x86.ActiveCfg = Release|x86
		{3ACAC595-2BED-49E7-989A-DB34CD04B8CB}.Release|x86.Build.0 = Release|x86
		{3ACAC595-2BED-49E7-989A-DB34CD04B8CB}.Release|x86.Deploy.0 = Release|x86
	EndGlobalSection
	GlobalSection(SolutionProperties) = preSolution
		HideSolutionNode = FALSE
	EndGlobalSection
	GlobalSection(NestedProjects) = preSolution
		{6A883FEA-FDF6-4EF7-B2DB-0668D95F33BB} = {F85CB222-0116-48E8-97DB-12FF5CBB652A}
	EndGlobalSection
	GlobalSection(ExtensibilityGlobals) = postSolution
		SolutionGuid = {08CC8A72-CB85-46D1-B8BA-65076B45E7A9}
	EndGlobalSection
EndGlobal
